// !$*UTF8*$!
{
	archiveVersion = 1;
	classes = {
	};
	objectVersion = 46;
	objects = {

/* Begin PBXBuildFile section */
		003E8BD079DFE47A73301CF3 /* Pods_pics_security.framework in Frameworks */ = {isa = PBXBuildFile; fileRef = 5AE2D4241BDA1DCD7E04BF15 /* Pods_pics_security.framework */; };
		C95184301DD65E2E0023705B /* AppDelegate.swift in Sources */ = {isa = PBXBuildFile; fileRef = C951842F1DD65E2E0023705B /* AppDelegate.swift */; };
		C95184321DD65E2E0023705B /* ViewController.swift in Sources */ = {isa = PBXBuildFile; fileRef = C95184311DD65E2E0023705B /* ViewController.swift */; };
		C95184351DD65E2E0023705B /* Main.storyboard in Resources */ = {isa = PBXBuildFile; fileRef = C95184331DD65E2E0023705B /* Main.storyboard */; };
		C95184371DD65E2E0023705B /* Assets.xcassets in Resources */ = {isa = PBXBuildFile; fileRef = C95184361DD65E2E0023705B /* Assets.xcassets */; };
		C951843A1DD65E2E0023705B /* LaunchScreen.storyboard in Resources */ = {isa = PBXBuildFile; fileRef = C95184381DD65E2E0023705B /* LaunchScreen.storyboard */; };
/* End PBXBuildFile section */

/* Begin PBXFileReference section */
		1C59B4135AC2781B8ED85BF3 /* Pods-pics-security.debug.xcconfig */ = {isa = PBXFileReference; includeInIndex = 1; lastKnownFileType = text.xcconfig; name = "Pods-pics-security.debug.xcconfig"; path = "Pods/Target Support Files/Pods-pics-security/Pods-pics-security.debug.xcconfig"; sourceTree = "<group>"; };
		5AE2D4241BDA1DCD7E04BF15 /* Pods_pics_security.framework */ = {isa = PBXFileReference; explicitFileType = wrapper.framework; includeInIndex = 0; path = Pods_pics_security.framework; sourceTree = BUILT_PRODUCTS_DIR; };
		5B31DFD57016E15242CF7A6E /* Pods-pics-security.release.xcconfig */ = {isa = PBXFileReference; includeInIndex = 1; lastKnownFileType = text.xcconfig; name = "Pods-pics-security.release.xcconfig"; path = "Pods/Target Support Files/Pods-pics-security/Pods-pics-security.release.xcconfig"; sourceTree = "<group>"; };
		C951842C1DD65E2E0023705B /* pics-security.app */ = {isa = PBXFileReference; explicitFileType = wrapper.application; includeInIndex = 0; path = "pics-security.app"; sourceTree = BUILT_PRODUCTS_DIR; };
		C951842F1DD65E2E0023705B /* AppDelegate.swift */ = {isa = PBXFileReference; lastKnownFileType = sourcecode.swift; path = AppDelegate.swift; sourceTree = "<group>"; };
		C95184311DD65E2E0023705B /* ViewController.swift */ = {isa = PBXFileReference; lastKnownFileType = sourcecode.swift; path = ViewController.swift; sourceTree = "<group>"; };
		C95184341DD65E2E0023705B /* Base */ = {isa = PBXFileReference; lastKnownFileType = file.storyboard; name = Base; path = Base.lproj/Main.storyboard; sourceTree = "<group>"; };
		C95184361DD65E2E0023705B /* Assets.xcassets */ = {isa = PBXFileReference; lastKnownFileType = folder.assetcatalog; path = Assets.xcassets; sourceTree = "<group>"; };
		C95184391DD65E2E0023705B /* Base */ = {isa = PBXFileReference; lastKnownFileType = file.storyboard; name = Base; path = Base.lproj/LaunchScreen.storyboard; sourceTree = "<group>"; };
		C951843B1DD65E2E0023705B /* Info.plist */ = {isa = PBXFileReference; lastKnownFileType = text.plist.xml; path = Info.plist; sourceTree = "<group>"; };
/* End PBXFileReference section */

/* Begin PBXFrameworksBuildPhase section */
		C95184291DD65E2E0023705B /* Frameworks */ = {
			isa = PBXFrameworksBuildPhase;
			buildActionMask = 2147483647;
			files = (
				003E8BD079DFE47A73301CF3 /* Pods_pics_security.framework in Frameworks */,
			);
			runOnlyForDeploymentPostprocessing = 0;
		};
/* End PBXFrameworksBuildPhase section */

/* Begin PBXGroup section */
		91D22809D93D5E515D9FFB95 /* Pods */ = {
			isa = PBXGroup;
			children = (
				1C59B4135AC2781B8ED85BF3 /* Pods-pics-security.debug.xcconfig */,
				5B31DFD57016E15242CF7A6E /* Pods-pics-security.release.xcconfig */,
			);
			name = Pods;
			sourceTree = "<group>";
		};
		9D7A43CE487E1A6797C70618 /* Frameworks */ = {
			isa = PBXGroup;
			children = (
				5AE2D4241BDA1DCD7E04BF15 /* Pods_pics_security.framework */,
			);
			name = Frameworks;
			sourceTree = "<group>";
		};
		C95184231DD65E2E0023705B = {
			isa = PBXGroup;
			children = (
				C951842E1DD65E2E0023705B /* pics-security */,
				C951842D1DD65E2E0023705B /* Products */,
				91D22809D93D5E515D9FFB95 /* Pods */,
				9D7A43CE487E1A6797C70618 /* Frameworks */,
			);
			sourceTree = "<group>";
		};
		C951842D1DD65E2E0023705B /* Products */ = {
			isa = PBXGroup;
			children = (
				C951842C1DD65E2E0023705B /* pics-security.app */,
			);
			name = Products;
			sourceTree = "<group>";
		};
		C951842E1DD65E2E0023705B /* pics-security */ = {
			isa = PBXGroup;
			children = (
				C951842F1DD65E2E0023705B /* AppDelegate.swift */,
				C95184311DD65E2E0023705B /* ViewController.swift */,
				C95184331DD65E2E0023705B /* Main.storyboard */,
				C95184361DD65E2E0023705B /* Assets.xcassets */,
				C95184381DD65E2E0023705B /* LaunchScreen.storyboard */,
				C951843B1DD65E2E0023705B /* Info.plist */,
			);
			path = "pics-security";
			sourceTree = "<group>";
		};
/* End PBXGroup section */

/* Begin PBXNativeTarget section */
		C951842B1DD65E2E0023705B /* pics-security */ = {
			isa = PBXNativeTarget;
			buildConfigurationList = C951843E1DD65E2E0023705B /* Build configuration list for PBXNativeTarget "pics-security" */;
			buildPhases = (
				226B7B1ADEE588F22B53F2AB /* [CP] Check Pods Manifest.lock */,
				C95184281DD65E2E0023705B /* Sources */,
				C95184291DD65E2E0023705B /* Frameworks */,
				C951842A1DD65E2E0023705B /* Resources */,
				C814C13D94FAB3A51E1E80B3 /* [CP] Embed Pods Frameworks */,
				AC2B89C7823526F774C5A78D /* [CP] Copy Pods Resources */,
			);
			buildRules = (
			);
			dependencies = (
			);
			name = "pics-security";
			productName = "pics-security";
			productReference = C951842C1DD65E2E0023705B /* pics-security.app */;
			productType = "com.apple.product-type.application";
		};
/* End PBXNativeTarget section */

/* Begin PBXProject section */
		C95184241DD65E2E0023705B /* Project object */ = {
			isa = PBXProject;
			attributes = {
				LastSwiftUpdateCheck = 0810;
				LastUpgradeCheck = 0810;
				ORGANIZATIONNAME = mycompany;
				TargetAttributes = {
					C951842B1DD65E2E0023705B = {
						CreatedOnToolsVersion = 8.1;
						DevelopmentTeam = 865NZFXY4B;
						LastSwiftMigration = 0810;
						ProvisioningStyle = Automatic;
					};
				};
			};
			buildConfigurationList = C95184271DD65E2E0023705B /* Build configuration list for PBXProject "pics-security" */;
			compatibilityVersion = "Xcode 3.2";
			developmentRegion = English;
			hasScannedForEncodings = 0;
			knownRegions = (
				en,
				Base,
			);
			mainGroup = C95184231DD65E2E0023705B;
			productRefGroup = C951842D1DD65E2E0023705B /* Products */;
			projectDirPath = "";
			projectRoot = "";
			targets = (
				C951842B1DD65E2E0023705B /* pics-security */,
			);
		};
/* End PBXProject section */

/* Begin PBXResourcesBuildPhase section */
		C951842A1DD65E2E0023705B /* Resources */ = {
			isa = PBXResourcesBuildPhase;
			buildActionMask = 2147483647;
			files = (
				C951843A1DD65E2E0023705B /* LaunchScreen.storyboard in Resources */,
				C95184371DD65E2E0023705B /* Assets.xcassets in Resources */,
				C95184351DD65E2E0023705B /* Main.storyboard in Resources */,
			);
			runOnlyForDeploymentPostprocessing = 0;
		};
/* End PBXResourcesBuildPhase section */

/* Begin PBXShellScriptBuildPhase section */
		226B7B1ADEE588F22B53F2AB /* [CP] Check Pods Manifest.lock */ = {
			isa = PBXShellScriptBuildPhase;
			buildActionMask = 2147483647;
			files = (
			);
			inputPaths = (
			);
			name = "[CP] Check Pods Manifest.lock";
			outputPaths = (
			);
			runOnlyForDeploymentPostprocessing = 0;
			shellPath = /bin/sh;
			shellScript = "diff \"${PODS_ROOT}/../Podfile.lock\" \"${PODS_ROOT}/Manifest.lock\" > /dev/null\nif [[ $? != 0 ]] ; then\n    cat << EOM\nerror: The sandbox is not in sync with the Podfile.lock. Run 'pod install' or update your CocoaPods installation.\nEOM\n    exit 1\nfi\n";
			showEnvVarsInLog = 0;
		};
		AC2B89C7823526F774C5A78D /* [CP] Copy Pods Resources */ = {
			isa = PBXShellScriptBuildPhase;
			buildActionMask = 2147483647;
			files = (
			);
			inputPaths = (
			);
			name = "[CP] Copy Pods Resources";
			outputPaths = (
			);
			runOnlyForDeploymentPostprocessing = 0;
			shellPath = /bin/sh;
			shellScript = "\"${SRCROOT}/Pods/Target Support Files/Pods-pics-security/Pods-pics-security-resources.sh\"\n";
			showEnvVarsInLog = 0;
		};
		C814C13D94FAB3A51E1E80B3 /* [CP] Embed Pods Frameworks */ = {
			isa = PBXShellScriptBuildPhase;
			buildActionMask = 2147483647;
			files = (
			);
			inputPaths = (
			);
			name = "[CP] Embed Pods Frameworks";
			outputPaths = (
			);
			runOnlyForDeploymentPostprocessing = 0;
			shellPath = /bin/sh;
			shellScript = "\"${SRCROOT}/Pods/Target Support Files/Pods-pics-security/Pods-pics-security-frameworks.sh\"\n";
			showEnvVarsInLog = 0;
		};
/* End PBXShellScriptBuildPhase section */

/* Begin PBXSourcesBuildPhase section */
		C95184281DD65E2E0023705B /* Sources */ = {
			isa = PBXSourcesBuildPhase;
			buildActionMask = 2147483647;
			files = (
				C95184321DD65E2E0023705B /* ViewController.swift in Sources */,
				C95184301DD65E2E0023705B /* AppDelegate.swift in Sources */,
			);
			runOnlyForDeploymentPostprocessing = 0;
		};
/* End PBXSourcesBuildPhase section */

/* Begin PBXVariantGroup section */
		C95184331DD65E2E0023705B /* Main.storyboard */ = {
			isa = PBXVariantGroup;
			children = (
				C95184341DD65E2E0023705B /* Base */,
			);
			name = Main.storyboard;
			sourceTree = "<group>";
		};
		C95184381DD65E2E0023705B /* LaunchScreen.storyboard */ = {
			isa = PBXVariantGroup;
			children = (
				C95184391DD65E2E0023705B /* Base */,
			);
			name = LaunchScreen.storyboard;
			sourceTree = "<group>";
		};
/* End PBXVariantGroup section */

/* Begin XCBuildConfiguration section */
		C951843C1DD65E2E0023705B /* Debug */ = {
			isa = XCBuildConfiguration;
			buildSettings = {
				ALWAYS_SEARCH_USER_PATHS = NO;
				CLANG_ANALYZER_NONNULL = YES;
				CLANG_CXX_LANGUAGE_STANDARD = "gnu++0x";
				CLANG_CXX_LIBRARY = "libc++";
				CLANG_ENABLE_MODULES = YES;
				CLANG_ENABLE_OBJC_ARC = YES;
				CLANG_WARN_BOOL_CONVERSION = YES;
				CLANG_WARN_CONSTANT_CONVERSION = YES;
				CLANG_WARN_DIRECT_OBJC_ISA_USAGE = YES_ERROR;
				CLANG_WARN_DOCUMENTATION_COMMENTS = YES;
				CLANG_WARN_EMPTY_BODY = YES;
				CLANG_WARN_ENUM_CONVERSION = YES;
				CLANG_WARN_INFINITE_RECURSION = YES;
				CLANG_WARN_INT_CONVERSION = YES;
				CLANG_WARN_OBJC_ROOT_CLASS = YES_ERROR;
				CLANG_WARN_SUSPICIOUS_MOVES = YES;
				CLANG_WARN_UNREACHABLE_CODE = YES;
				CLANG_WARN__DUPLICATE_METHOD_MATCH = YES;
				"CODE_SIGN_IDENTITY[sdk=iphoneos*]" = "iPhone Developer";
				COPY_PHASE_STRIP = NO;
				DEBUG_INFORMATION_FORMAT = dwarf;
				ENABLE_STRICT_OBJC_MSGSEND = YES;
				ENABLE_TESTABILITY = YES;
				GCC_C_LANGUAGE_STANDARD = gnu99;
				GCC_DYNAMIC_NO_PIC = NO;
				GCC_NO_COMMON_BLOCKS = YES;
				GCC_OPTIMIZATION_LEVEL = 0;
				GCC_PREPROCESSOR_DEFINITIONS = (
					"DEBUG=1",
					"$(inherited)",
				);
				GCC_WARN_64_TO_32_BIT_CONVERSION = YES;
				GCC_WARN_ABOUT_RETURN_TYPE = YES_ERROR;
				GCC_WARN_UNDECLARED_SELECTOR = YES;
				GCC_WARN_UNINITIALIZED_AUTOS = YES_AGGRESSIVE;
				GCC_WARN_UNUSED_FUNCTION = YES;
				GCC_WARN_UNUSED_VARIABLE = YES;
				IPHONEOS_DEPLOYMENT_TARGET = 10.1;
				MTL_ENABLE_DEBUG_INFO = YES;
				ONLY_ACTIVE_ARCH = YES;
				SDKROOT = iphoneos;
				SWIFT_ACTIVE_COMPILATION_CONDITIONS = DEBUG;
				SWIFT_OPTIMIZATION_LEVEL = "-Onone";
				TARGETED_DEVICE_FAMILY = "1,2";
			};
			name = Debug;
		};
		C951843D1DD65E2E0023705B /* Release */ = {
			isa = XCBuildConfiguration;
			buildSettings = {
				ALWAYS_SEARCH_USER_PATHS = NO;
				CLANG_ANALYZER_NONNULL = YES;
				CLANG_CXX_LANGUAGE_STANDARD = "gnu++0x";
				CLANG_CXX_LIBRARY = "libc++";
				CLANG_ENABLE_MODULES = YES;
				CLANG_ENABLE_OBJC_ARC = YES;
				CLANG_WARN_BOOL_CONVERSION = YES;
				CLANG_WARN_CONSTANT_CONVERSION = YES;
				CLANG_WARN_DIRECT_OBJC_ISA_USAGE = YES_ERROR;
				CLANG_WARN_DOCUMENTATION_COMMENTS = YES;
				CLANG_WARN_EMPTY_BODY = YES;
				CLANG_WARN_ENUM_CONVERSION = YES;
				CLANG_WARN_INFINITE_RECURSION = YES;
				CLANG_WARN_INT_CONVERSION = YES;
				CLANG_WARN_OBJC_ROOT_CLASS = YES_ERROR;
				CLANG_WARN_SUSPICIOUS_MOVES = YES;
				CLANG_WARN_UNREACHABLE_CODE = YES;
				CLANG_WARN__DUPLICATE_METHOD_MATCH = YES;
				"CODE_SIGN_IDENTITY[sdk=iphoneos*]" = "iPhone Developer";
				COPY_PHASE_STRIP = NO;
				DEBUG_INFORMATION_FORMAT = "dwarf-with-dsym";
				ENABLE_NS_ASSERTIONS = NO;
				ENABLE_STRICT_OBJC_MSGSEND = YES;
				GCC_C_LANGUAGE_STANDARD = gnu99;
				GCC_NO_COMMON_BLOCKS = YES;
				GCC_WARN_64_TO_32_BIT_CONVERSION = YES;
				GCC_WARN_ABOUT_RETURN_TYPE = YES_ERROR;
				GCC_WARN_UNDECLARED_SELECTOR = YES;
				GCC_WARN_UNINITIALIZED_AUTOS = YES_AGGRESSIVE;
				GCC_WARN_UNUSED_FUNCTION = YES;
				GCC_WARN_UNUSED_VARIABLE = YES;
				IPHONEOS_DEPLOYMENT_TARGET = 10.1;
				MTL_ENABLE_DEBUG_INFO = NO;
				SDKROOT = iphoneos;
				SWIFT_OPTIMIZATION_LEVEL = "-Owholemodule";
				TARGETED_DEVICE_FAMILY = "1,2";
				VALIDATE_PRODUCT = YES;
			};
			name = Release;
		};
		C951843F1DD65E2E0023705B /* Debug */ = {
			isa = XCBuildConfiguration;
			baseConfigurationReference = 1C59B4135AC2781B8ED85BF3 /* Pods-pics-security.debug.xcconfig */;
			buildSettings = {
				ASSETCATALOG_COMPILER_APPICON_NAME = AppIcon;
				CLANG_ENABLE_MODULES = YES;
				DEVELOPMENT_TEAM = 865NZFXY4B;
				INFOPLIST_FILE = "pics-security/Info.plist";
				LD_RUNPATH_SEARCH_PATHS = "$(inherited) @executable_path/Frameworks";
				PRODUCT_BUNDLE_IDENTIFIER = "com.mycompany.pics-security";
				PRODUCT_NAME = "$(TARGET_NAME)";
				SWIFT_OBJC_BRIDGING_HEADER = "";
				SWIFT_OPTIMIZATION_LEVEL = "-Onone";
				SWIFT_VERSION = 3.0;
			};
			name = Debug;
		};
		C95184401DD65E2E0023705B /* Release */ = {
			isa = XCBuildConfiguration;
			baseConfigurationReference = 5B31DFD57016E15242CF7A6E /* Pods-pics-security.release.xcconfig */;
			buildSettings = {
				ASSETCATALOG_COMPILER_APPICON_NAME = AppIcon;
				CLANG_ENABLE_MODULES = YES;
				DEVELOPMENT_TEAM = 865NZFXY4B;
				INFOPLIST_FILE = "pics-security/Info.plist";
				LD_RUNPATH_SEARCH_PATHS = "$(inherited) @executable_path/Frameworks";
				PRODUCT_BUNDLE_IDENTIFIER = "com.mycompany.pics-security";
				PRODUCT_NAME = "$(TARGET_NAME)";
				SWIFT_OBJC_BRIDGING_HEADER = "";
				SWIFT_VERSION = 3.0;
			};
			name = Release;
		};
/* End XCBuildConfiguration section */

/* Begin XCConfigurationList section */
		C95184271DD65E2E0023705B /* Build configuration list for PBXProject "pics-security" */ = {
			isa = XCConfigurationList;
			buildConfigurations = (
				C951843C1DD65E2E0023705B /* Debug */,
				C951843D1DD65E2E0023705B /* Release */,
			);
			defaultConfigurationIsVisible = 0;
			defaultConfigurationName = Release;
		};
		C951843E1DD65E2E0023705B /* Build configuration list for PBXNativeTarget "pics-security" */ = {
			isa = XCConfigurationList;
			buildConfigurations = (
				C951843F1DD65E2E0023705B /* Debug */,
				C95184401DD65E2E0023705B /* Release */,
			);
			defaultConfigurationIsVisible = 0;
			defaultConfigurationName = Release;
		};
/* End XCConfigurationList section */
	};
	rootObject = C95184241DD65E2E0023705B /* Project object */;
}
