PODS:
  - KeychainAccess (3.0.1)
  - RNCryptor (5.0.1)

DEPENDENCIES:
  - KeychainAccess
  - RNCryptor

SPEC CHECKSUMS:
  KeychainAccess: 017ea25e313a49eda10bb19b0bb0760fb1edfe1a
  RNCryptor: 2e352a488779d1a9184ab629be22a7c5bc84acb5

PODFILE CHECKSUM: 923bbb3d191ca5e5ece25708e607e13b88732524

COCOAPODS: 1.0.1
